
Microsoft Visual Studio Solution File, Format Version 12.00
# Visual Studio Version 17
VisualStudioVersion = 17.3.32825.248
MinimumVisualStudioVersion = 10.0.40219.1
Project("{FAE04EC0-301F-11D3-BF4B-00C04F79EFBC}") = "YellowCarrotDbApp", "YellowCarrotDbApp\YellowCarrotDbApp.csproj", "{D11D78DC-A487-4554-B491-8BDD6A6A5443}"
EndProject
Global
	GlobalSection(SolutionConfigurationPlatforms) = preSolution
		Debug|Any CPU = Debug|Any CPU
		Release|Any CPU = Release|Any CPU
	EndGlobalSection
	GlobalSection(ProjectConfigurationPlatforms) = postSolution
		{D11D78DC-A487-4554-B491-8BDD6A6A5443}.Debug|Any CPU.ActiveCfg = Debug|Any CPU
		{D11D78DC-A487-4554-B491-8BDD6A6A5443}.Debug|Any CPU.Build.0 = Debug|Any CPU
		{D11D78DC-A487-4554-B491-8BDD6A6A5443}.Release|Any CPU.ActiveCfg = Release|Any CPU
		{D11D78DC-A487-4554-B491-8BDD6A6A5443}.Release|Any CPU.Build.0 = Release|Any CPU
	EndGlobalSection
	GlobalSection(SolutionProperties) = preSolution
		HideSolutionNode = FALSE
	EndGlobalSection
	GlobalSection(ExtensibilityGlobals) = postSolution
		SolutionGuid = {304525EB-D13D-4D55-BB5C-B1E4031D7BF5}
	EndGlobalSection
EndGlobal
